
Microsoft Visual Studio Solution File, Format Version 12.00
# Visual Studio Version 17
VisualStudioVersion = 17.0.31903.59
MinimumVisualStudioVersion = 10.0.40219.1
Project("{2150E333-8FDC-42A3-9474-1A3956D46DE8}") = "src", "src", "{E849068E-5EC9-440F-BEE3-A56A25C0A3DF}"
EndProject
Project("{9A19103F-16F7-4668-BE54-9A1E7A4F7556}") = "CoreKit.DataFilter", "CoreKit.DataFilter\CoreKit.DataFilter.csproj", "{89C24252-C64A-429A-8EF7-FD8BC03DEEF8}"
EndProject
Project("{2150E333-8FDC-42A3-9474-1A3956D46DE8}") = "test", "test", "{A3DFF71B-F397-4A5E-A1E0-D5C7035AA2F6}"
EndProject
Project("{9A19103F-16F7-4668-BE54-9A1E7A4F7556}") = "CoreKit.DataFilter.Test", "..\test\CoreKit.DataFilter.Test\CoreKit.DataFilter.Test.csproj", "{C316BB7A-9186-4ACE-8731-C41BB7E58E8E}"
EndProject
Project("{9A19103F-16F7-4668-BE54-9A1E7A4F7556}") = "CoreKit.DataFilter.Sql", "CoreKit.DataFilter.Sql\CoreKit.DataFilter.Sql.csproj", "{5F0798EF-4892-4C35-BDE1-8565A4E53460}"
EndProject
Project("{9A19103F-16F7-4668-BE54-9A1E7A4F7556}") = "CoreKit.DataFilter.Sql.Test", "..\test\CoreKit.DataFilter.Sql.Test\CoreKit.DataFilter.Sql.Test.csproj", "{671E731D-6F11-4687-8F01-B3AADAC32C3F}"
EndProject
Project("{9A19103F-16F7-4668-BE54-9A1E7A4F7556}") = "CoreKit.DataFilter.Linq", "CoreKit.DataFilter.Linq\CoreKit.DataFilter.Linq.csproj", "{3D396F2E-402F-4E6E-90DA-0831C590FF22}"
EndProject
Project("{9A19103F-16F7-4668-BE54-9A1E7A4F7556}") = "CoreKit.DataFilter.Linq.Test", "..\test\CoreKit.DataFilter.Linq.Test\CoreKit.DataFilter.Linq.Test.csproj", "{61F79025-C84F-4EBC-AF56-3D5DBF218A60}"
EndProject
Project("{9A19103F-16F7-4668-BE54-9A1E7A4F7556}") = "CoreKit.DataFilter.Mongo", "CoreKit.DataFilter.Mongo\CoreKit.DataFilter.Mongo.csproj", "{DFE7A5B1-0F3E-45C0-AE47-453312402A37}"
EndProject
Project("{9A19103F-16F7-4668-BE54-9A1E7A4F7556}") = "CoreKit.DataFilter.Mongo.Tests", "..\test\CoreKit.DataFilter.Mongo.Tests\CoreKit.DataFilter.Mongo.Tests.csproj", "{8D6ED0A8-2B50-485E-B836-0083C5827F85}"
EndProject
Global
	GlobalSection(SolutionConfigurationPlatforms) = preSolution
		Debug|Any CPU = Debug|Any CPU
		Release|Any CPU = Release|Any CPU
	EndGlobalSection
	GlobalSection(ProjectConfigurationPlatforms) = postSolution
		{89C24252-C64A-429A-8EF7-FD8BC03DEEF8}.Debug|Any CPU.ActiveCfg = Debug|Any CPU
		{89C24252-C64A-429A-8EF7-FD8BC03DEEF8}.Debug|Any CPU.Build.0 = Debug|Any CPU
		{89C24252-C64A-429A-8EF7-FD8BC03DEEF8}.Release|Any CPU.ActiveCfg = Release|Any CPU
		{89C24252-C64A-429A-8EF7-FD8BC03DEEF8}.Release|Any CPU.Build.0 = Release|Any CPU
		{C316BB7A-9186-4ACE-8731-C41BB7E58E8E}.Debug|Any CPU.ActiveCfg = Debug|Any CPU
		{C316BB7A-9186-4ACE-8731-C41BB7E58E8E}.Debug|Any CPU.Build.0 = Debug|Any CPU
		{C316BB7A-9186-4ACE-8731-C41BB7E58E8E}.Release|Any CPU.ActiveCfg = Release|Any CPU
		{C316BB7A-9186-4ACE-8731-C41BB7E58E8E}.Release|Any CPU.Build.0 = Release|Any CPU
		{5F0798EF-4892-4C35-BDE1-8565A4E53460}.Debug|Any CPU.ActiveCfg = Debug|Any CPU
		{5F0798EF-4892-4C35-BDE1-8565A4E53460}.Debug|Any CPU.Build.0 = Debug|Any CPU
		{5F0798EF-4892-4C35-BDE1-8565A4E53460}.Release|Any CPU.ActiveCfg = Release|Any CPU
		{5F0798EF-4892-4C35-BDE1-8565A4E53460}.Release|Any CPU.Build.0 = Release|Any CPU
		{671E731D-6F11-4687-8F01-B3AADAC32C3F}.Debug|Any CPU.ActiveCfg = Debug|Any CPU
		{671E731D-6F11-4687-8F01-B3AADAC32C3F}.Debug|Any CPU.Build.0 = Debug|Any CPU
		{671E731D-6F11-4687-8F01-B3AADAC32C3F}.Release|Any CPU.ActiveCfg = Release|Any CPU
		{671E731D-6F11-4687-8F01-B3AADAC32C3F}.Release|Any CPU.Build.0 = Release|Any CPU
		{3D396F2E-402F-4E6E-90DA-0831C590FF22}.Debug|Any CPU.ActiveCfg = Debug|Any CPU
		{3D396F2E-402F-4E6E-90DA-0831C590FF22}.Debug|Any CPU.Build.0 = Debug|Any CPU
		{3D396F2E-402F-4E6E-90DA-0831C590FF22}.Release|Any CPU.ActiveCfg = Release|Any CPU
		{3D396F2E-402F-4E6E-90DA-0831C590FF22}.Release|Any CPU.Build.0 = Release|Any CPU
		{61F79025-C84F-4EBC-AF56-3D5DBF218A60}.Debug|Any CPU.ActiveCfg = Debug|Any CPU
		{61F79025-C84F-4EBC-AF56-3D5DBF218A60}.Debug|Any CPU.Build.0 = Debug|Any CPU
		{61F79025-C84F-4EBC-AF56-3D5DBF218A60}.Release|Any CPU.ActiveCfg = Release|Any CPU
		{61F79025-C84F-4EBC-AF56-3D5DBF218A60}.Release|Any CPU.Build.0 = Release|Any CPU
		{DFE7A5B1-0F3E-45C0-AE47-453312402A37}.Debug|Any CPU.ActiveCfg = Debug|Any CPU
		{DFE7A5B1-0F3E-45C0-AE47-453312402A37}.Debug|Any CPU.Build.0 = Debug|Any CPU
		{DFE7A5B1-0F3E-45C0-AE47-453312402A37}.Release|Any CPU.ActiveCfg = Release|Any CPU
		{DFE7A5B1-0F3E-45C0-AE47-453312402A37}.Release|Any CPU.Build.0 = Release|Any CPU
		{8D6ED0A8-2B50-485E-B836-0083C5827F85}.Debug|Any CPU.ActiveCfg = Debug|Any CPU
		{8D6ED0A8-2B50-485E-B836-0083C5827F85}.Debug|Any CPU.Build.0 = Debug|Any CPU
		{8D6ED0A8-2B50-485E-B836-0083C5827F85}.Release|Any CPU.ActiveCfg = Release|Any CPU
		{8D6ED0A8-2B50-485E-B836-0083C5827F85}.Release|Any CPU.Build.0 = Release|Any CPU
	EndGlobalSection
	GlobalSection(SolutionProperties) = preSolution
		HideSolutionNode = FALSE
	EndGlobalSection
	GlobalSection(NestedProjects) = preSolution
		{89C24252-C64A-429A-8EF7-FD8BC03DEEF8} = {E849068E-5EC9-440F-BEE3-A56A25C0A3DF}
		{C316BB7A-9186-4ACE-8731-C41BB7E58E8E} = {A3DFF71B-F397-4A5E-A1E0-D5C7035AA2F6}
		{5F0798EF-4892-4C35-BDE1-8565A4E53460} = {E849068E-5EC9-440F-BEE3-A56A25C0A3DF}
		{671E731D-6F11-4687-8F01-B3AADAC32C3F} = {A3DFF71B-F397-4A5E-A1E0-D5C7035AA2F6}
		{3D396F2E-402F-4E6E-90DA-0831C590FF22} = {E849068E-5EC9-440F-BEE3-A56A25C0A3DF}
		{61F79025-C84F-4EBC-AF56-3D5DBF218A60} = {A3DFF71B-F397-4A5E-A1E0-D5C7035AA2F6}
		{DFE7A5B1-0F3E-45C0-AE47-453312402A37} = {E849068E-5EC9-440F-BEE3-A56A25C0A3DF}
		{8D6ED0A8-2B50-485E-B836-0083C5827F85} = {A3DFF71B-F397-4A5E-A1E0-D5C7035AA2F6}
	EndGlobalSection
	GlobalSection(ExtensibilityGlobals) = postSolution
		SolutionGuid = {A73EF9F3-79C2-49C4-A08A-8CDB75116EF4}
	EndGlobalSection
EndGlobal
